
Microsoft Visual Studio Solution File, Format Version 12.00
# Visual Studio Version 17
VisualStudioVersion = 17.2.32519.379
MinimumVisualStudioVersion = 10.0.40219.1
Project("{FAE04EC0-301F-11D3-BF4B-00C04F79EFBC}") = "SAE_S2_01", "SAE_S2_01.csproj", "{C68156E3-7C69-4634-BDEE-5E4EA57003B9}"
EndProject
Project("{FAE04EC0-301F-11D3-BF4B-00C04F79EFBC}") = "ConnexionBD", "ConnexionBD\ConnexionBD.csproj", "{4FE66352-B806-4410-9F24-3F74B3105DF3}"
EndProject
Global
	GlobalSection(SolutionConfigurationPlatforms) = preSolution
		Debug|Any CPU = Debug|Any CPU
		Release|Any CPU = Release|Any CPU
	EndGlobalSection
	GlobalSection(ProjectConfigurationPlatforms) = postSolution
		{C68156E3-7C69-4634-BDEE-5E4EA57003B9}.Debug|Any CPU.ActiveCfg = Debug|Any CPU
		{C68156E3-7C69-4634-BDEE-5E4EA57003B9}.Debug|Any CPU.Build.0 = Debug|Any CPU
		{C68156E3-7C69-4634-BDEE-5E4EA57003B9}.Release|Any CPU.ActiveCfg = Release|Any CPU
		{C68156E3-7C69-4634-BDEE-5E4EA57003B9}.Release|Any CPU.Build.0 = Release|Any CPU
		{4FE66352-B806-4410-9F24-3F74B3105DF3}.Debug|Any CPU.ActiveCfg = Debug|Any CPU
		{4FE66352-B806-4410-9F24-3F74B3105DF3}.Debug|Any CPU.Build.0 = Debug|Any CPU
		{4FE66352-B806-4410-9F24-3F74B3105DF3}.Release|Any CPU.ActiveCfg = Release|Any CPU
		{4FE66352-B806-4410-9F24-3F74B3105DF3}.Release|Any CPU.Build.0 = Release|Any CPU
	EndGlobalSection
	GlobalSection(SolutionProperties) = preSolution
		HideSolutionNode = FALSE
	EndGlobalSection
	GlobalSection(ExtensibilityGlobals) = postSolution
		SolutionGuid = {C6B06892-579A-4BD5-9E70-E78675A1C231}
	EndGlobalSection
EndGlobal
