
Microsoft Visual Studio Solution File, Format Version 12.00
# Visual Studio Version 17
VisualStudioVersion = 17.2.32526.322
MinimumVisualStudioVersion = 10.0.40219.1
Project("{8BC9CEB8-8B4A-11D0-8D11-00A0C91BC942}") = "SAE_S2_02", "SAE_S2_02.vcxproj", "{D1166596-29FA-4316-86B1-B4B2491343EE}"
EndProject
Global
	GlobalSection(SolutionConfigurationPlatforms) = preSolution
		Debug|x64 = Debug|x64
		Debug|x86 = Debug|x86
		Release|x64 = Release|x64
		Release|x86 = Release|x86
	EndGlobalSection
	GlobalSection(ProjectConfigurationPlatforms) = postSolution
		{D1166596-29FA-4316-86B1-B4B2491343EE}.Debug|x64.ActiveCfg = Debug|x64
		{D1166596-29FA-4316-86B1-B4B2491343EE}.Debug|x64.Build.0 = Debug|x64
		{D1166596-29FA-4316-86B1-B4B2491343EE}.Debug|x86.ActiveCfg = Debug|Win32
		{D1166596-29FA-4316-86B1-B4B2491343EE}.Debug|x86.Build.0 = Debug|Win32
		{D1166596-29FA-4316-86B1-B4B2491343EE}.Release|x64.ActiveCfg = Release|x64
		{D1166596-29FA-4316-86B1-B4B2491343EE}.Release|x64.Build.0 = Release|x64
		{D1166596-29FA-4316-86B1-B4B2491343EE}.Release|x86.ActiveCfg = Release|Win32
		{D1166596-29FA-4316-86B1-B4B2491343EE}.Release|x86.Build.0 = Release|Win32
	EndGlobalSection
	GlobalSection(SolutionProperties) = preSolution
		HideSolutionNode = FALSE
	EndGlobalSection
	GlobalSection(ExtensibilityGlobals) = postSolution
		SolutionGuid = {2E6A92A9-048B-465C-964B-C6C4E1823DF6}
	EndGlobalSection
EndGlobal
